{
  "name": "edumarket-card-ui",
  "version": "1.0.0",
  "lockfileVersion": 3,
  "requires": true,
  "packages": {
    "": {
      "name": "edumarket-card-ui",
      "version": "1.0.0",
      "license": "MIT",
      "devDependencies": {
        "gh-pages": "^5.0.0",
        "lighthouse": "^10.4.0"
      },
      "engines": {
        "node": ">=16.0.0",
        "npm": ">=8.0.0"
      }
    }
  }
}